
Microsoft Visual Studio Solution File, Format Version 12.00
# Visual Studio Version 16
VisualStudioVersion = 16.0.30011.22
MinimumVisualStudioVersion = 10.0.40219.1
Project("{FAE04EC0-301F-11D3-BF4B-00C04F79EFBC}") = "Homework.Linq", "Homework.Linq\Homework.Linq.csproj", "{4CCE0B7B-A9C3-4224-BB79-C19E51734495}"
EndProject
Global
	GlobalSection(SolutionConfigurationPlatforms) = preSolution
		Debug|Any CPU = Debug|Any CPU
		Release|Any CPU = Release|Any CPU
	EndGlobalSection
	GlobalSection(ProjectConfigurationPlatforms) = postSolution
		{4CCE0B7B-A9C3-4224-BB79-C19E51734495}.Debug|Any CPU.ActiveCfg = Debug|Any CPU
		{4CCE0B7B-A9C3-4224-BB79-C19E51734495}.Debug|Any CPU.Build.0 = Debug|Any CPU
		{4CCE0B7B-A9C3-4224-BB79-C19E51734495}.Release|Any CPU.ActiveCfg = Release|Any CPU
		{4CCE0B7B-A9C3-4224-BB79-C19E51734495}.Release|Any CPU.Build.0 = Release|Any CPU
	EndGlobalSection
	GlobalSection(SolutionProperties) = preSolution
		HideSolutionNode = FALSE
	EndGlobalSection
	GlobalSection(ExtensibilityGlobals) = postSolution
		SolutionGuid = {AD6B360E-7C37-4734-8A60-8F4487D3358A}
	EndGlobalSection
EndGlobal
